
Microsoft Visual Studio Solution File, Format Version 12.00
# Visual Studio 2013
VisualStudioVersion = 12.0.21005.1
MinimumVisualStudioVersion = 10.0.40219.1
Project("{FAE04EC0-301F-11D3-BF4B-00C04F79EFBC}") = "1. HighGradeCheck", "HighGradeCheck\1. HighGradeCheck.csproj", "{92145BFF-8904-4FAE-BDA4-7921A8AFF0FE}"
EndProject
Project("{FAE04EC0-301F-11D3-BF4B-00C04F79EFBC}") = "2. GreaterNumber", "GreaterNumber\2. GreaterNumber.csproj", "{FE493103-4619-494B-BDFC-AD29D49FB6CC}"
EndProject
Project("{FAE04EC0-301F-11D3-BF4B-00C04F79EFBC}") = "3. EvenOrOdd", "EvenOrOdd\3. EvenOrOdd.csproj", "{BD6CF908-94D1-4EF7-BFC6-20D0C574AF8B}"
EndProject
Project("{FAE04EC0-301F-11D3-BF4B-00C04F79EFBC}") = "4. Num1to9Text", "Num1to9Text\4. Num1to9Text.csproj", "{C1F3645B-3797-40A5-BA9E-819815EE7B7E}"
EndProject
Project("{FAE04EC0-301F-11D3-BF4B-00C04F79EFBC}") = "5. EqualNumbers", "EqualNumbers\5. EqualNumbers.csproj", "{12807071-0BDD-4F0F-89A7-2587B6212515}"
EndProject
Project("{FAE04EC0-301F-11D3-BF4B-00C04F79EFBC}") = "6. Num100-200", "Num100-200\6. Num100-200.csproj", "{A117E785-0860-457B-807D-123DFBEE278F}"
EndProject
Project("{FAE04EC0-301F-11D3-BF4B-00C04F79EFBC}") = "7. Password Guess", "Password Guess\7. Password Guess.csproj", "{C1EEE8CA-239F-4D68-BB16-8B26FB9080B2}"
EndProject
Project("{FAE04EC0-301F-11D3-BF4B-00C04F79EFBC}") = "8. Equal Words", "Equal Words\8. Equal Words.csproj", "{E20DAA95-8F4F-449B-B8CB-26EC84C80569}"
EndProject
Project("{FAE04EC0-301F-11D3-BF4B-00C04F79EFBC}") = "9. AreaOfFigures", "AreaOfFigures\9. AreaOfFigures.csproj", "{BD1B1135-3381-49E2-BD15-86AAB955B673}"
EndProject
Project("{FAE04EC0-301F-11D3-BF4B-00C04F79EFBC}") = "10. AreaOfFigures2", "AreaOfFigures2\10. AreaOfFigures2.csproj", "{2A5647E7-030B-4513-9D5A-CE19D4D728C9}"
EndProject
Project("{FAE04EC0-301F-11D3-BF4B-00C04F79EFBC}") = "11. WeekDay", "WeekDay\11. WeekDay.csproj", "{20B060B7-C6E6-4107-B3CC-92572E1F1A6A}"
EndProject
Project("{FAE04EC0-301F-11D3-BF4B-00C04F79EFBC}") = "12. AnimalType", "AnimalType\12. AnimalType.csproj", "{E1587AA0-24B0-4EB0-887E-54B9512CE10D}"
EndProject
Project("{FAE04EC0-301F-11D3-BF4B-00C04F79EFBC}") = "13. ToyStore", "ToyStore\13. ToyStore.csproj", "{5DB0754D-73F2-4ACC-B62C-7682BBA9F8FC}"
EndProject
Global
	GlobalSection(SolutionConfigurationPlatforms) = preSolution
		Debug|Any CPU = Debug|Any CPU
		Release|Any CPU = Release|Any CPU
	EndGlobalSection
	GlobalSection(ProjectConfigurationPlatforms) = postSolution
		{92145BFF-8904-4FAE-BDA4-7921A8AFF0FE}.Debug|Any CPU.ActiveCfg = Debug|Any CPU
		{92145BFF-8904-4FAE-BDA4-7921A8AFF0FE}.Debug|Any CPU.Build.0 = Debug|Any CPU
		{92145BFF-8904-4FAE-BDA4-7921A8AFF0FE}.Release|Any CPU.ActiveCfg = Release|Any CPU
		{92145BFF-8904-4FAE-BDA4-7921A8AFF0FE}.Release|Any CPU.Build.0 = Release|Any CPU
		{FE493103-4619-494B-BDFC-AD29D49FB6CC}.Debug|Any CPU.ActiveCfg = Debug|Any CPU
		{FE493103-4619-494B-BDFC-AD29D49FB6CC}.Debug|Any CPU.Build.0 = Debug|Any CPU
		{FE493103-4619-494B-BDFC-AD29D49FB6CC}.Release|Any CPU.ActiveCfg = Release|Any CPU
		{FE493103-4619-494B-BDFC-AD29D49FB6CC}.Release|Any CPU.Build.0 = Release|Any CPU
		{BD6CF908-94D1-4EF7-BFC6-20D0C574AF8B}.Debug|Any CPU.ActiveCfg = Debug|Any CPU
		{BD6CF908-94D1-4EF7-BFC6-20D0C574AF8B}.Debug|Any CPU.Build.0 = Debug|Any CPU
		{BD6CF908-94D1-4EF7-BFC6-20D0C574AF8B}.Release|Any CPU.ActiveCfg = Release|Any CPU
		{BD6CF908-94D1-4EF7-BFC6-20D0C574AF8B}.Release|Any CPU.Build.0 = Release|Any CPU
		{C1F3645B-3797-40A5-BA9E-819815EE7B7E}.Debug|Any CPU.ActiveCfg = Debug|Any CPU
		{C1F3645B-3797-40A5-BA9E-819815EE7B7E}.Debug|Any CPU.Build.0 = Debug|Any CPU
		{C1F3645B-3797-40A5-BA9E-819815EE7B7E}.Release|Any CPU.ActiveCfg = Release|Any CPU
		{C1F3645B-3797-40A5-BA9E-819815EE7B7E}.Release|Any CPU.Build.0 = Release|Any CPU
		{12807071-0BDD-4F0F-89A7-2587B6212515}.Debug|Any CPU.ActiveCfg = Debug|Any CPU
		{12807071-0BDD-4F0F-89A7-2587B6212515}.Debug|Any CPU.Build.0 = Debug|Any CPU
		{12807071-0BDD-4F0F-89A7-2587B6212515}.Release|Any CPU.ActiveCfg = Release|Any CPU
		{12807071-0BDD-4F0F-89A7-2587B6212515}.Release|Any CPU.Build.0 = Release|Any CPU
		{A117E785-0860-457B-807D-123DFBEE278F}.Debug|Any CPU.ActiveCfg = Debug|Any CPU
		{A117E785-0860-457B-807D-123DFBEE278F}.Debug|Any CPU.Build.0 = Debug|Any CPU
		{A117E785-0860-457B-807D-123DFBEE278F}.Release|Any CPU.ActiveCfg = Release|Any CPU
		{A117E785-0860-457B-807D-123DFBEE278F}.Release|Any CPU.Build.0 = Release|Any CPU
		{C1EEE8CA-239F-4D68-BB16-8B26FB9080B2}.Debug|Any CPU.ActiveCfg = Debug|Any CPU
		{C1EEE8CA-239F-4D68-BB16-8B26FB9080B2}.Debug|Any CPU.Build.0 = Debug|Any CPU
		{C1EEE8CA-239F-4D68-BB16-8B26FB9080B2}.Release|Any CPU.ActiveCfg = Release|Any CPU
		{C1EEE8CA-239F-4D68-BB16-8B26FB9080B2}.Release|Any CPU.Build.0 = Release|Any CPU
		{E20DAA95-8F4F-449B-B8CB-26EC84C80569}.Debug|Any CPU.ActiveCfg = Debug|Any CPU
		{E20DAA95-8F4F-449B-B8CB-26EC84C80569}.Debug|Any CPU.Build.0 = Debug|Any CPU
		{E20DAA95-8F4F-449B-B8CB-26EC84C80569}.Release|Any CPU.ActiveCfg = Release|Any CPU
		{E20DAA95-8F4F-449B-B8CB-26EC84C80569}.Release|Any CPU.Build.0 = Release|Any CPU
		{BD1B1135-3381-49E2-BD15-86AAB955B673}.Debug|Any CPU.ActiveCfg = Debug|Any CPU
		{BD1B1135-3381-49E2-BD15-86AAB955B673}.Debug|Any CPU.Build.0 = Debug|Any CPU
		{BD1B1135-3381-49E2-BD15-86AAB955B673}.Release|Any CPU.ActiveCfg = Release|Any CPU
		{BD1B1135-3381-49E2-BD15-86AAB955B673}.Release|Any CPU.Build.0 = Release|Any CPU
		{2A5647E7-030B-4513-9D5A-CE19D4D728C9}.Debug|Any CPU.ActiveCfg = Debug|Any CPU
		{2A5647E7-030B-4513-9D5A-CE19D4D728C9}.Debug|Any CPU.Build.0 = Debug|Any CPU
		{2A5647E7-030B-4513-9D5A-CE19D4D728C9}.Release|Any CPU.ActiveCfg = Release|Any CPU
		{2A5647E7-030B-4513-9D5A-CE19D4D728C9}.Release|Any CPU.Build.0 = Release|Any CPU
		{20B060B7-C6E6-4107-B3CC-92572E1F1A6A}.Debug|Any CPU.ActiveCfg = Debug|Any CPU
		{20B060B7-C6E6-4107-B3CC-92572E1F1A6A}.Debug|Any CPU.Build.0 = Debug|Any CPU
		{20B060B7-C6E6-4107-B3CC-92572E1F1A6A}.Release|Any CPU.ActiveCfg = Release|Any CPU
		{20B060B7-C6E6-4107-B3CC-92572E1F1A6A}.Release|Any CPU.Build.0 = Release|Any CPU
		{E1587AA0-24B0-4EB0-887E-54B9512CE10D}.Debug|Any CPU.ActiveCfg = Debug|Any CPU
		{E1587AA0-24B0-4EB0-887E-54B9512CE10D}.Debug|Any CPU.Build.0 = Debug|Any CPU
		{E1587AA0-24B0-4EB0-887E-54B9512CE10D}.Release|Any CPU.ActiveCfg = Release|Any CPU
		{E1587AA0-24B0-4EB0-887E-54B9512CE10D}.Release|Any CPU.Build.0 = Release|Any CPU
		{5DB0754D-73F2-4ACC-B62C-7682BBA9F8FC}.Debug|Any CPU.ActiveCfg = Debug|Any CPU
		{5DB0754D-73F2-4ACC-B62C-7682BBA9F8FC}.Debug|Any CPU.Build.0 = Debug|Any CPU
		{5DB0754D-73F2-4ACC-B62C-7682BBA9F8FC}.Release|Any CPU.ActiveCfg = Release|Any CPU
		{5DB0754D-73F2-4ACC-B62C-7682BBA9F8FC}.Release|Any CPU.Build.0 = Release|Any CPU
	EndGlobalSection
	GlobalSection(SolutionProperties) = preSolution
		HideSolutionNode = FALSE
	EndGlobalSection
EndGlobal
