
Microsoft Visual Studio Solution File, Format Version 12.00
# Visual Studio Version 16
VisualStudioVersion = 16.0.28729.10
MinimumVisualStudioVersion = 10.0.40219.1
Project("{FAE04EC0-301F-11D3-BF4B-00C04F79EFBC}") = "1. NumbersNto1", "NumbersNto1\1. NumbersNto1.csproj", "{4EA0A696-6FC3-4536-B1A0-7C8DA3A2DDCF}"
EndProject
Project("{FAE04EC0-301F-11D3-BF4B-00C04F79EFBC}") = "2. Numbers up to 3", "Numbers up to 3\2. Numbers up to 3.csproj", "{CDDF59C4-599D-429D-AF09-C71C6ED40093}"
EndProject
Project("{FAE04EC0-301F-11D3-BF4B-00C04F79EFBC}") = "3. Even Powers to 2", "Even Powers to 2\3. Even Powers to 2.csproj", "{974A9CBE-C417-4441-B53D-62CC59D84128}"
EndProject
Project("{FAE04EC0-301F-11D3-BF4B-00C04F79EFBC}") = "4. Combination", "Combination\4. Combination.csproj", "{8F2E1A94-D93F-4BE1-BF40-58DA49BA01D8}"
EndProject
Project("{FAE04EC0-301F-11D3-BF4B-00C04F79EFBC}") = "5. Building", "Building\5. Building.csproj", "{8C1F73C4-D9D6-4191-BE52-0F837417641B}"
EndProject
Project("{FAE04EC0-301F-11D3-BF4B-00C04F79EFBC}") = "8. Cookie factory", "Cookie factory\8. Cookie factory.csproj", "{591CB554-905A-4557-8316-5ECEEF3884CC}"
EndProject
Project("{FAE04EC0-301F-11D3-BF4B-00C04F79EFBC}") = "7. NameWars", "NameWars\7. NameWars.csproj", "{477704C4-4A05-44C2-8444-76981EEFF0C7}"
EndProject
Project("{FAE04EC0-301F-11D3-BF4B-00C04F79EFBC}") = "6. Travelling", "Travelling\6. Travelling.csproj", "{5B37DEE8-05E0-41F2-B19E-EBDF5628F312}"
EndProject
Project("{FAE04EC0-301F-11D3-BF4B-00C04F79EFBC}") = "8. MagicNumbers", "MagicNumbers\8. MagicNumbers.csproj", "{948A79AB-D1D1-4BEC-AA1B-424A3B4095B9}"
EndProject
Global
	GlobalSection(SolutionConfigurationPlatforms) = preSolution
		Debug|Any CPU = Debug|Any CPU
		Release|Any CPU = Release|Any CPU
	EndGlobalSection
	GlobalSection(ProjectConfigurationPlatforms) = postSolution
		{4EA0A696-6FC3-4536-B1A0-7C8DA3A2DDCF}.Debug|Any CPU.ActiveCfg = Debug|Any CPU
		{4EA0A696-6FC3-4536-B1A0-7C8DA3A2DDCF}.Debug|Any CPU.Build.0 = Debug|Any CPU
		{4EA0A696-6FC3-4536-B1A0-7C8DA3A2DDCF}.Release|Any CPU.ActiveCfg = Release|Any CPU
		{4EA0A696-6FC3-4536-B1A0-7C8DA3A2DDCF}.Release|Any CPU.Build.0 = Release|Any CPU
		{CDDF59C4-599D-429D-AF09-C71C6ED40093}.Debug|Any CPU.ActiveCfg = Debug|Any CPU
		{CDDF59C4-599D-429D-AF09-C71C6ED40093}.Debug|Any CPU.Build.0 = Debug|Any CPU
		{CDDF59C4-599D-429D-AF09-C71C6ED40093}.Release|Any CPU.ActiveCfg = Release|Any CPU
		{CDDF59C4-599D-429D-AF09-C71C6ED40093}.Release|Any CPU.Build.0 = Release|Any CPU
		{974A9CBE-C417-4441-B53D-62CC59D84128}.Debug|Any CPU.ActiveCfg = Debug|Any CPU
		{974A9CBE-C417-4441-B53D-62CC59D84128}.Debug|Any CPU.Build.0 = Debug|Any CPU
		{974A9CBE-C417-4441-B53D-62CC59D84128}.Release|Any CPU.ActiveCfg = Release|Any CPU
		{974A9CBE-C417-4441-B53D-62CC59D84128}.Release|Any CPU.Build.0 = Release|Any CPU
		{8F2E1A94-D93F-4BE1-BF40-58DA49BA01D8}.Debug|Any CPU.ActiveCfg = Debug|Any CPU
		{8F2E1A94-D93F-4BE1-BF40-58DA49BA01D8}.Debug|Any CPU.Build.0 = Debug|Any CPU
		{8F2E1A94-D93F-4BE1-BF40-58DA49BA01D8}.Release|Any CPU.ActiveCfg = Release|Any CPU
		{8F2E1A94-D93F-4BE1-BF40-58DA49BA01D8}.Release|Any CPU.Build.0 = Release|Any CPU
		{8C1F73C4-D9D6-4191-BE52-0F837417641B}.Debug|Any CPU.ActiveCfg = Debug|Any CPU
		{8C1F73C4-D9D6-4191-BE52-0F837417641B}.Debug|Any CPU.Build.0 = Debug|Any CPU
		{8C1F73C4-D9D6-4191-BE52-0F837417641B}.Release|Any CPU.ActiveCfg = Release|Any CPU
		{8C1F73C4-D9D6-4191-BE52-0F837417641B}.Release|Any CPU.Build.0 = Release|Any CPU
		{591CB554-905A-4557-8316-5ECEEF3884CC}.Debug|Any CPU.ActiveCfg = Debug|Any CPU
		{591CB554-905A-4557-8316-5ECEEF3884CC}.Debug|Any CPU.Build.0 = Debug|Any CPU
		{591CB554-905A-4557-8316-5ECEEF3884CC}.Release|Any CPU.ActiveCfg = Release|Any CPU
		{591CB554-905A-4557-8316-5ECEEF3884CC}.Release|Any CPU.Build.0 = Release|Any CPU
		{477704C4-4A05-44C2-8444-76981EEFF0C7}.Debug|Any CPU.ActiveCfg = Debug|Any CPU
		{477704C4-4A05-44C2-8444-76981EEFF0C7}.Debug|Any CPU.Build.0 = Debug|Any CPU
		{477704C4-4A05-44C2-8444-76981EEFF0C7}.Release|Any CPU.ActiveCfg = Release|Any CPU
		{477704C4-4A05-44C2-8444-76981EEFF0C7}.Release|Any CPU.Build.0 = Release|Any CPU
		{5B37DEE8-05E0-41F2-B19E-EBDF5628F312}.Debug|Any CPU.ActiveCfg = Debug|Any CPU
		{5B37DEE8-05E0-41F2-B19E-EBDF5628F312}.Debug|Any CPU.Build.0 = Debug|Any CPU
		{5B37DEE8-05E0-41F2-B19E-EBDF5628F312}.Release|Any CPU.ActiveCfg = Release|Any CPU
		{5B37DEE8-05E0-41F2-B19E-EBDF5628F312}.Release|Any CPU.Build.0 = Release|Any CPU
		{948A79AB-D1D1-4BEC-AA1B-424A3B4095B9}.Debug|Any CPU.ActiveCfg = Debug|Any CPU
		{948A79AB-D1D1-4BEC-AA1B-424A3B4095B9}.Debug|Any CPU.Build.0 = Debug|Any CPU
		{948A79AB-D1D1-4BEC-AA1B-424A3B4095B9}.Release|Any CPU.ActiveCfg = Release|Any CPU
		{948A79AB-D1D1-4BEC-AA1B-424A3B4095B9}.Release|Any CPU.Build.0 = Release|Any CPU
	EndGlobalSection
	GlobalSection(SolutionProperties) = preSolution
		HideSolutionNode = FALSE
	EndGlobalSection
	GlobalSection(ExtensibilityGlobals) = postSolution
		SolutionGuid = {AE329D9C-F0CF-448A-A52F-536E823F87EB}
	EndGlobalSection
EndGlobal
