
Microsoft Visual Studio Solution File, Format Version 12.00
# Visual Studio Version 16
VisualStudioVersion = 16.0.28721.148
MinimumVisualStudioVersion = 10.0.40219.1
Project("{FAE04EC0-301F-11D3-BF4B-00C04F79EFBC}") = "1. PersonalTitles", "..\PersonalTitles\1. PersonalTitles.csproj", "{C2EC9C2B-8837-4E48-8A89-B5609610E6DF}"
EndProject
Project("{FAE04EC0-301F-11D3-BF4B-00C04F79EFBC}") = "2. SmallShop", "..\SmallShop\2. SmallShop.csproj", "{9070BEED-8CC3-49E9-A9DA-5E1AAC1F2E8E}"
EndProject
Project("{FAE04EC0-301F-11D3-BF4B-00C04F79EFBC}") = "3. PointsInRectangle", "..\PointsInRectangle\3. PointsInRectangle.csproj", "{A7C6D1E6-1FCE-425E-BEBB-D118BA9DCD55}"
EndProject
Project("{FAE04EC0-301F-11D3-BF4B-00C04F79EFBC}") = "4. Fruit or Vegetable", "..\Fruit or Vegetable\4. Fruit or Vegetable.csproj", "{1F1533FE-0AA5-4CC3-923B-74FA4DADC6B4}"
EndProject
Project("{FAE04EC0-301F-11D3-BF4B-00C04F79EFBC}") = "5. InvalidNumber", "..\InvalidNumber\5. InvalidNumber.csproj", "{7555555F-3081-4C02-A787-179D80C9901C}"
EndProject
Project("{FAE04EC0-301F-11D3-BF4B-00C04F79EFBC}") = "6. FruitShop", "..\FruitShop\6. FruitShop.csproj", "{78CAD19E-0CE6-422F-81C0-53796D65A76B}"
EndProject
Project("{FAE04EC0-301F-11D3-BF4B-00C04F79EFBC}") = "7. TradeCommisions", "..\TradeCommisions\7. TradeCommisions.csproj", "{242EE6AC-3F18-4D59-A1D3-417078728322}"
EndProject
Project("{FAE04EC0-301F-11D3-BF4B-00C04F79EFBC}") = "8. SkiVacation", "..\SkiVacation\8. SkiVacation.csproj", "{D652CA15-BCCA-4275-8D89-EC33E4F36B32}"
EndProject
Global
	GlobalSection(SolutionConfigurationPlatforms) = preSolution
		Debug|Any CPU = Debug|Any CPU
		Release|Any CPU = Release|Any CPU
	EndGlobalSection
	GlobalSection(ProjectConfigurationPlatforms) = postSolution
		{C2EC9C2B-8837-4E48-8A89-B5609610E6DF}.Debug|Any CPU.ActiveCfg = Debug|Any CPU
		{C2EC9C2B-8837-4E48-8A89-B5609610E6DF}.Debug|Any CPU.Build.0 = Debug|Any CPU
		{C2EC9C2B-8837-4E48-8A89-B5609610E6DF}.Release|Any CPU.ActiveCfg = Release|Any CPU
		{C2EC9C2B-8837-4E48-8A89-B5609610E6DF}.Release|Any CPU.Build.0 = Release|Any CPU
		{9070BEED-8CC3-49E9-A9DA-5E1AAC1F2E8E}.Debug|Any CPU.ActiveCfg = Debug|Any CPU
		{9070BEED-8CC3-49E9-A9DA-5E1AAC1F2E8E}.Debug|Any CPU.Build.0 = Debug|Any CPU
		{9070BEED-8CC3-49E9-A9DA-5E1AAC1F2E8E}.Release|Any CPU.ActiveCfg = Release|Any CPU
		{9070BEED-8CC3-49E9-A9DA-5E1AAC1F2E8E}.Release|Any CPU.Build.0 = Release|Any CPU
		{A7C6D1E6-1FCE-425E-BEBB-D118BA9DCD55}.Debug|Any CPU.ActiveCfg = Debug|Any CPU
		{A7C6D1E6-1FCE-425E-BEBB-D118BA9DCD55}.Debug|Any CPU.Build.0 = Debug|Any CPU
		{A7C6D1E6-1FCE-425E-BEBB-D118BA9DCD55}.Release|Any CPU.ActiveCfg = Release|Any CPU
		{A7C6D1E6-1FCE-425E-BEBB-D118BA9DCD55}.Release|Any CPU.Build.0 = Release|Any CPU
		{1F1533FE-0AA5-4CC3-923B-74FA4DADC6B4}.Debug|Any CPU.ActiveCfg = Debug|Any CPU
		{1F1533FE-0AA5-4CC3-923B-74FA4DADC6B4}.Debug|Any CPU.Build.0 = Debug|Any CPU
		{1F1533FE-0AA5-4CC3-923B-74FA4DADC6B4}.Release|Any CPU.ActiveCfg = Release|Any CPU
		{1F1533FE-0AA5-4CC3-923B-74FA4DADC6B4}.Release|Any CPU.Build.0 = Release|Any CPU
		{7555555F-3081-4C02-A787-179D80C9901C}.Debug|Any CPU.ActiveCfg = Debug|Any CPU
		{7555555F-3081-4C02-A787-179D80C9901C}.Debug|Any CPU.Build.0 = Debug|Any CPU
		{7555555F-3081-4C02-A787-179D80C9901C}.Release|Any CPU.ActiveCfg = Release|Any CPU
		{7555555F-3081-4C02-A787-179D80C9901C}.Release|Any CPU.Build.0 = Release|Any CPU
		{78CAD19E-0CE6-422F-81C0-53796D65A76B}.Debug|Any CPU.ActiveCfg = Debug|Any CPU
		{78CAD19E-0CE6-422F-81C0-53796D65A76B}.Debug|Any CPU.Build.0 = Debug|Any CPU
		{78CAD19E-0CE6-422F-81C0-53796D65A76B}.Release|Any CPU.ActiveCfg = Release|Any CPU
		{78CAD19E-0CE6-422F-81C0-53796D65A76B}.Release|Any CPU.Build.0 = Release|Any CPU
		{242EE6AC-3F18-4D59-A1D3-417078728322}.Debug|Any CPU.ActiveCfg = Debug|Any CPU
		{242EE6AC-3F18-4D59-A1D3-417078728322}.Debug|Any CPU.Build.0 = Debug|Any CPU
		{242EE6AC-3F18-4D59-A1D3-417078728322}.Release|Any CPU.ActiveCfg = Release|Any CPU
		{242EE6AC-3F18-4D59-A1D3-417078728322}.Release|Any CPU.Build.0 = Release|Any CPU
		{D652CA15-BCCA-4275-8D89-EC33E4F36B32}.Debug|Any CPU.ActiveCfg = Debug|Any CPU
		{D652CA15-BCCA-4275-8D89-EC33E4F36B32}.Debug|Any CPU.Build.0 = Debug|Any CPU
		{D652CA15-BCCA-4275-8D89-EC33E4F36B32}.Release|Any CPU.ActiveCfg = Release|Any CPU
		{D652CA15-BCCA-4275-8D89-EC33E4F36B32}.Release|Any CPU.Build.0 = Release|Any CPU
	EndGlobalSection
	GlobalSection(SolutionProperties) = preSolution
		HideSolutionNode = FALSE
	EndGlobalSection
	GlobalSection(ExtensibilityGlobals) = postSolution
		SolutionGuid = {5ED0736F-B28E-46B0-9750-66D619F594C2}
	EndGlobalSection
EndGlobal
