
Microsoft Visual Studio Solution File, Format Version 12.00
# Visual Studio Version 16
VisualStudioVersion = 16.0.28729.10
MinimumVisualStudioVersion = 10.0.40219.1
Project("{FAE04EC0-301F-11D3-BF4B-00C04F79EFBC}") = "1. OldLibrary", "OldLibrary\1. OldLibrary.csproj", "{C4E06669-CA86-4CE7-A4D3-C5AA0CEDE219}"
EndProject
Project("{FAE04EC0-301F-11D3-BF4B-00C04F79EFBC}") = "2. ExamPreparation", "ExamPreparation\2. ExamPreparation.csproj", "{10691685-BA86-462C-8E9E-70567D93C669}"
EndProject
Project("{FAE04EC0-301F-11D3-BF4B-00C04F79EFBC}") = "3. Vacation", "Vacation\3. Vacation.csproj", "{610BE067-48A4-421A-8D73-110EA5681181}"
EndProject
Project("{FAE04EC0-301F-11D3-BF4B-00C04F79EFBC}") = "4. Walking", "Walking\4. Walking.csproj", "{EC59573B-1282-4BBC-9A15-AB2D2DF04666}"
EndProject
Project("{FAE04EC0-301F-11D3-BF4B-00C04F79EFBC}") = "5. Coins", "Coins\5. Coins.csproj", "{2C4E5E83-41F8-4E95-BC03-32F48B13CBC8}"
EndProject
Project("{FAE04EC0-301F-11D3-BF4B-00C04F79EFBC}") = "6. Cake", "Cake\6. Cake.csproj", "{756031E5-1D26-48CF-ABD8-1C428CFCE2CC}"
EndProject
Project("{FAE04EC0-301F-11D3-BF4B-00C04F79EFBC}") = "Coins2", "Coins2\Coins2.csproj", "{5A3DE4A3-5393-42A3-BCB6-3B6ED7C80CCD}"
EndProject
Project("{FAE04EC0-301F-11D3-BF4B-00C04F79EFBC}") = "Cake2", "Cake2\Cake2.csproj", "{2C6E5C5F-C8B2-4BEE-AAF9-E769FC3ABA80}"
EndProject
Global
	GlobalSection(SolutionConfigurationPlatforms) = preSolution
		Debug|Any CPU = Debug|Any CPU
		Release|Any CPU = Release|Any CPU
	EndGlobalSection
	GlobalSection(ProjectConfigurationPlatforms) = postSolution
		{C4E06669-CA86-4CE7-A4D3-C5AA0CEDE219}.Debug|Any CPU.ActiveCfg = Debug|Any CPU
		{C4E06669-CA86-4CE7-A4D3-C5AA0CEDE219}.Debug|Any CPU.Build.0 = Debug|Any CPU
		{C4E06669-CA86-4CE7-A4D3-C5AA0CEDE219}.Release|Any CPU.ActiveCfg = Release|Any CPU
		{C4E06669-CA86-4CE7-A4D3-C5AA0CEDE219}.Release|Any CPU.Build.0 = Release|Any CPU
		{10691685-BA86-462C-8E9E-70567D93C669}.Debug|Any CPU.ActiveCfg = Debug|Any CPU
		{10691685-BA86-462C-8E9E-70567D93C669}.Debug|Any CPU.Build.0 = Debug|Any CPU
		{10691685-BA86-462C-8E9E-70567D93C669}.Release|Any CPU.ActiveCfg = Release|Any CPU
		{10691685-BA86-462C-8E9E-70567D93C669}.Release|Any CPU.Build.0 = Release|Any CPU
		{610BE067-48A4-421A-8D73-110EA5681181}.Debug|Any CPU.ActiveCfg = Debug|Any CPU
		{610BE067-48A4-421A-8D73-110EA5681181}.Debug|Any CPU.Build.0 = Debug|Any CPU
		{610BE067-48A4-421A-8D73-110EA5681181}.Release|Any CPU.ActiveCfg = Release|Any CPU
		{610BE067-48A4-421A-8D73-110EA5681181}.Release|Any CPU.Build.0 = Release|Any CPU
		{EC59573B-1282-4BBC-9A15-AB2D2DF04666}.Debug|Any CPU.ActiveCfg = Debug|Any CPU
		{EC59573B-1282-4BBC-9A15-AB2D2DF04666}.Debug|Any CPU.Build.0 = Debug|Any CPU
		{EC59573B-1282-4BBC-9A15-AB2D2DF04666}.Release|Any CPU.ActiveCfg = Release|Any CPU
		{EC59573B-1282-4BBC-9A15-AB2D2DF04666}.Release|Any CPU.Build.0 = Release|Any CPU
		{2C4E5E83-41F8-4E95-BC03-32F48B13CBC8}.Debug|Any CPU.ActiveCfg = Debug|Any CPU
		{2C4E5E83-41F8-4E95-BC03-32F48B13CBC8}.Debug|Any CPU.Build.0 = Debug|Any CPU
		{2C4E5E83-41F8-4E95-BC03-32F48B13CBC8}.Release|Any CPU.ActiveCfg = Release|Any CPU
		{2C4E5E83-41F8-4E95-BC03-32F48B13CBC8}.Release|Any CPU.Build.0 = Release|Any CPU
		{756031E5-1D26-48CF-ABD8-1C428CFCE2CC}.Debug|Any CPU.ActiveCfg = Debug|Any CPU
		{756031E5-1D26-48CF-ABD8-1C428CFCE2CC}.Debug|Any CPU.Build.0 = Debug|Any CPU
		{756031E5-1D26-48CF-ABD8-1C428CFCE2CC}.Release|Any CPU.ActiveCfg = Release|Any CPU
		{756031E5-1D26-48CF-ABD8-1C428CFCE2CC}.Release|Any CPU.Build.0 = Release|Any CPU
		{5A3DE4A3-5393-42A3-BCB6-3B6ED7C80CCD}.Debug|Any CPU.ActiveCfg = Debug|Any CPU
		{5A3DE4A3-5393-42A3-BCB6-3B6ED7C80CCD}.Debug|Any CPU.Build.0 = Debug|Any CPU
		{5A3DE4A3-5393-42A3-BCB6-3B6ED7C80CCD}.Release|Any CPU.ActiveCfg = Release|Any CPU
		{5A3DE4A3-5393-42A3-BCB6-3B6ED7C80CCD}.Release|Any CPU.Build.0 = Release|Any CPU
		{2C6E5C5F-C8B2-4BEE-AAF9-E769FC3ABA80}.Debug|Any CPU.ActiveCfg = Debug|Any CPU
		{2C6E5C5F-C8B2-4BEE-AAF9-E769FC3ABA80}.Debug|Any CPU.Build.0 = Debug|Any CPU
		{2C6E5C5F-C8B2-4BEE-AAF9-E769FC3ABA80}.Release|Any CPU.ActiveCfg = Release|Any CPU
		{2C6E5C5F-C8B2-4BEE-AAF9-E769FC3ABA80}.Release|Any CPU.Build.0 = Release|Any CPU
	EndGlobalSection
	GlobalSection(SolutionProperties) = preSolution
		HideSolutionNode = FALSE
	EndGlobalSection
	GlobalSection(ExtensibilityGlobals) = postSolution
		SolutionGuid = {C81601FE-B87F-430D-AC99-1F3FCF4F0270}
	EndGlobalSection
EndGlobal
