
Microsoft Visual Studio Solution File, Format Version 12.00
# Visual Studio Version 16
VisualStudioVersion = 16.0.28729.10
MinimumVisualStudioVersion = 10.0.40219.1
Project("{FAE04EC0-301F-11D3-BF4B-00C04F79EFBC}") = "1. NumInRange", "..\NumInRange\1. NumInRange.csproj", "{ACBB88FA-74DE-43AD-8528-FEA97286E599}"
EndProject
Project("{FAE04EC0-301F-11D3-BF4B-00C04F79EFBC}") = "2. Sequence 2k+1", "Sequence 2k+1\2. Sequence 2k+1.csproj", "{51E187B6-07D0-4BFC-9F67-BD3E40506CBF}"
EndProject
Project("{FAE04EC0-301F-11D3-BF4B-00C04F79EFBC}") = "3. AccountBalance", "AccountBalance\3. AccountBalance.csproj", "{516F33ED-F92C-4329-9F82-BB404B9A1DC9}"
EndProject
Project("{FAE04EC0-301F-11D3-BF4B-00C04F79EFBC}") = "4. MaxNumber", "MaxNumber\4. MaxNumber.csproj", "{30A9F22B-EDA1-4996-B52F-73D8E0221011}"
EndProject
Project("{FAE04EC0-301F-11D3-BF4B-00C04F79EFBC}") = "5. MinNumber", "MinNumber\5. MinNumber.csproj", "{F03A9E25-E7A9-48BF-BCE3-08562EEB8697}"
EndProject
Project("{FAE04EC0-301F-11D3-BF4B-00C04F79EFBC}") = "6. Graduation", "Graduation\6. Graduation.csproj", "{E3569BC5-3B01-487F-AB8E-23E92C5C028A}"
EndProject
Project("{FAE04EC0-301F-11D3-BF4B-00C04F79EFBC}") = "7. Graduation2", "Graduation2\7. Graduation2.csproj", "{1EBD18B8-0974-4D5A-9DDD-720AEED7FE48}"
EndProject
Project("{FAE04EC0-301F-11D3-BF4B-00C04F79EFBC}") = "8. Moving", "Moving\8. Moving.csproj", "{8D548637-86B8-47F4-BB16-D61D5E3BFE3D}"
EndProject
Global
	GlobalSection(SolutionConfigurationPlatforms) = preSolution
		Debug|Any CPU = Debug|Any CPU
		Release|Any CPU = Release|Any CPU
	EndGlobalSection
	GlobalSection(ProjectConfigurationPlatforms) = postSolution
		{ACBB88FA-74DE-43AD-8528-FEA97286E599}.Debug|Any CPU.ActiveCfg = Debug|Any CPU
		{ACBB88FA-74DE-43AD-8528-FEA97286E599}.Debug|Any CPU.Build.0 = Debug|Any CPU
		{ACBB88FA-74DE-43AD-8528-FEA97286E599}.Release|Any CPU.ActiveCfg = Release|Any CPU
		{ACBB88FA-74DE-43AD-8528-FEA97286E599}.Release|Any CPU.Build.0 = Release|Any CPU
		{51E187B6-07D0-4BFC-9F67-BD3E40506CBF}.Debug|Any CPU.ActiveCfg = Debug|Any CPU
		{51E187B6-07D0-4BFC-9F67-BD3E40506CBF}.Debug|Any CPU.Build.0 = Debug|Any CPU
		{51E187B6-07D0-4BFC-9F67-BD3E40506CBF}.Release|Any CPU.ActiveCfg = Release|Any CPU
		{51E187B6-07D0-4BFC-9F67-BD3E40506CBF}.Release|Any CPU.Build.0 = Release|Any CPU
		{516F33ED-F92C-4329-9F82-BB404B9A1DC9}.Debug|Any CPU.ActiveCfg = Debug|Any CPU
		{516F33ED-F92C-4329-9F82-BB404B9A1DC9}.Debug|Any CPU.Build.0 = Debug|Any CPU
		{516F33ED-F92C-4329-9F82-BB404B9A1DC9}.Release|Any CPU.ActiveCfg = Release|Any CPU
		{516F33ED-F92C-4329-9F82-BB404B9A1DC9}.Release|Any CPU.Build.0 = Release|Any CPU
		{30A9F22B-EDA1-4996-B52F-73D8E0221011}.Debug|Any CPU.ActiveCfg = Debug|Any CPU
		{30A9F22B-EDA1-4996-B52F-73D8E0221011}.Debug|Any CPU.Build.0 = Debug|Any CPU
		{30A9F22B-EDA1-4996-B52F-73D8E0221011}.Release|Any CPU.ActiveCfg = Release|Any CPU
		{30A9F22B-EDA1-4996-B52F-73D8E0221011}.Release|Any CPU.Build.0 = Release|Any CPU
		{F03A9E25-E7A9-48BF-BCE3-08562EEB8697}.Debug|Any CPU.ActiveCfg = Debug|Any CPU
		{F03A9E25-E7A9-48BF-BCE3-08562EEB8697}.Debug|Any CPU.Build.0 = Debug|Any CPU
		{F03A9E25-E7A9-48BF-BCE3-08562EEB8697}.Release|Any CPU.ActiveCfg = Release|Any CPU
		{F03A9E25-E7A9-48BF-BCE3-08562EEB8697}.Release|Any CPU.Build.0 = Release|Any CPU
		{E3569BC5-3B01-487F-AB8E-23E92C5C028A}.Debug|Any CPU.ActiveCfg = Debug|Any CPU
		{E3569BC5-3B01-487F-AB8E-23E92C5C028A}.Debug|Any CPU.Build.0 = Debug|Any CPU
		{E3569BC5-3B01-487F-AB8E-23E92C5C028A}.Release|Any CPU.ActiveCfg = Release|Any CPU
		{E3569BC5-3B01-487F-AB8E-23E92C5C028A}.Release|Any CPU.Build.0 = Release|Any CPU
		{1EBD18B8-0974-4D5A-9DDD-720AEED7FE48}.Debug|Any CPU.ActiveCfg = Debug|Any CPU
		{1EBD18B8-0974-4D5A-9DDD-720AEED7FE48}.Debug|Any CPU.Build.0 = Debug|Any CPU
		{1EBD18B8-0974-4D5A-9DDD-720AEED7FE48}.Release|Any CPU.ActiveCfg = Release|Any CPU
		{1EBD18B8-0974-4D5A-9DDD-720AEED7FE48}.Release|Any CPU.Build.0 = Release|Any CPU
		{8D548637-86B8-47F4-BB16-D61D5E3BFE3D}.Debug|Any CPU.ActiveCfg = Debug|Any CPU
		{8D548637-86B8-47F4-BB16-D61D5E3BFE3D}.Debug|Any CPU.Build.0 = Debug|Any CPU
		{8D548637-86B8-47F4-BB16-D61D5E3BFE3D}.Release|Any CPU.ActiveCfg = Release|Any CPU
		{8D548637-86B8-47F4-BB16-D61D5E3BFE3D}.Release|Any CPU.Build.0 = Release|Any CPU
	EndGlobalSection
	GlobalSection(SolutionProperties) = preSolution
		HideSolutionNode = FALSE
	EndGlobalSection
	GlobalSection(ExtensibilityGlobals) = postSolution
		SolutionGuid = {E6B1C5DC-848E-486F-A524-DFF5AE30D6A8}
	EndGlobalSection
EndGlobal
