
Microsoft Visual Studio Solution File, Format Version 12.00
# Visual Studio Version 16
VisualStudioVersion = 16.0.28803.156
MinimumVisualStudioVersion = 10.0.40219.1
Project("{FAE04EC0-301F-11D3-BF4B-00C04F79EFBC}") = "1. Matrix", "Matrix\1. Matrix.csproj", "{0AD2766A-FFDA-42AD-B3BF-9DBED32787EC}"
EndProject
Project("{FAE04EC0-301F-11D3-BF4B-00C04F79EFBC}") = "2. NumberPyramid", "NumberPyramid\2. NumberPyramid.csproj", "{D320C476-B1F1-4515-A038-22E504082799}"
EndProject
Project("{FAE04EC0-301F-11D3-BF4B-00C04F79EFBC}") = "3. Coding", "Coding\3. Coding.csproj", "{76D6DFD0-47E6-48E9-B13B-67140A1A7A6B}"
EndProject
Project("{FAE04EC0-301F-11D3-BF4B-00C04F79EFBC}") = "4. EqualSumsEvenOddPosition", "EqualSumsEvenOddPosition\4. EqualSumsEvenOddPosition.csproj", "{C00F116E-6EB7-43CB-98E6-AF5EC03C89CA}"
EndProject
Project("{FAE04EC0-301F-11D3-BF4B-00C04F79EFBC}") = "5. EqualSumLeftRightPossition", "EqualSumLeftRightPossition\5. EqualSumLeftRightPossition.csproj", "{F4F3AE90-D975-4EDF-BE08-5D5FEC14D505}"
EndProject
Project("{FAE04EC0-301F-11D3-BF4B-00C04F79EFBC}") = "6. SumPrimeNoPrime", "SumPrimeNoPrime\6. SumPrimeNoPrime.csproj", "{B769B48A-ADDD-4062-803A-C64805973B92}"
EndProject
Project("{FAE04EC0-301F-11D3-BF4B-00C04F79EFBC}") = "PrimeNoPrime", "PrimeNoPrime\PrimeNoPrime.csproj", "{A611EA8A-1FAF-4311-84CD-6DEC9035E211}"
EndProject
Project("{FAE04EC0-301F-11D3-BF4B-00C04F79EFBC}") = "7. TrainTheTrainers", "TrainTheTrainers\7. TrainTheTrainers.csproj", "{8EC606A5-8E10-4469-B073-8033635AEBDE}"
EndProject
Project("{FAE04EC0-301F-11D3-BF4B-00C04F79EFBC}") = "8. Fishing", "Fishing\8. Fishing.csproj", "{B4F347BF-7E54-4D08-860A-CEE1C3187A9B}"
EndProject
Project("{FAE04EC0-301F-11D3-BF4B-00C04F79EFBC}") = "9. PasswordGenerator", "PasswordGenerator\9. PasswordGenerator.csproj", "{C5491834-2481-4B19-A06C-5FBA488B0F0D}"
EndProject
Project("{FAE04EC0-301F-11D3-BF4B-00C04F79EFBC}") = "10. SpecialNumbers", "SpecialNumbers\10. SpecialNumbers.csproj", "{26682A99-2E60-439B-91EE-662E1014E9C5}"
EndProject
Global
	GlobalSection(SolutionConfigurationPlatforms) = preSolution
		Debug|Any CPU = Debug|Any CPU
		Release|Any CPU = Release|Any CPU
	EndGlobalSection
	GlobalSection(ProjectConfigurationPlatforms) = postSolution
		{0AD2766A-FFDA-42AD-B3BF-9DBED32787EC}.Debug|Any CPU.ActiveCfg = Debug|Any CPU
		{0AD2766A-FFDA-42AD-B3BF-9DBED32787EC}.Debug|Any CPU.Build.0 = Debug|Any CPU
		{0AD2766A-FFDA-42AD-B3BF-9DBED32787EC}.Release|Any CPU.ActiveCfg = Release|Any CPU
		{0AD2766A-FFDA-42AD-B3BF-9DBED32787EC}.Release|Any CPU.Build.0 = Release|Any CPU
		{D320C476-B1F1-4515-A038-22E504082799}.Debug|Any CPU.ActiveCfg = Debug|Any CPU
		{D320C476-B1F1-4515-A038-22E504082799}.Debug|Any CPU.Build.0 = Debug|Any CPU
		{D320C476-B1F1-4515-A038-22E504082799}.Release|Any CPU.ActiveCfg = Release|Any CPU
		{D320C476-B1F1-4515-A038-22E504082799}.Release|Any CPU.Build.0 = Release|Any CPU
		{76D6DFD0-47E6-48E9-B13B-67140A1A7A6B}.Debug|Any CPU.ActiveCfg = Debug|Any CPU
		{76D6DFD0-47E6-48E9-B13B-67140A1A7A6B}.Debug|Any CPU.Build.0 = Debug|Any CPU
		{76D6DFD0-47E6-48E9-B13B-67140A1A7A6B}.Release|Any CPU.ActiveCfg = Release|Any CPU
		{76D6DFD0-47E6-48E9-B13B-67140A1A7A6B}.Release|Any CPU.Build.0 = Release|Any CPU
		{C00F116E-6EB7-43CB-98E6-AF5EC03C89CA}.Debug|Any CPU.ActiveCfg = Debug|Any CPU
		{C00F116E-6EB7-43CB-98E6-AF5EC03C89CA}.Debug|Any CPU.Build.0 = Debug|Any CPU
		{C00F116E-6EB7-43CB-98E6-AF5EC03C89CA}.Release|Any CPU.ActiveCfg = Release|Any CPU
		{C00F116E-6EB7-43CB-98E6-AF5EC03C89CA}.Release|Any CPU.Build.0 = Release|Any CPU
		{F4F3AE90-D975-4EDF-BE08-5D5FEC14D505}.Debug|Any CPU.ActiveCfg = Debug|Any CPU
		{F4F3AE90-D975-4EDF-BE08-5D5FEC14D505}.Debug|Any CPU.Build.0 = Debug|Any CPU
		{F4F3AE90-D975-4EDF-BE08-5D5FEC14D505}.Release|Any CPU.ActiveCfg = Release|Any CPU
		{F4F3AE90-D975-4EDF-BE08-5D5FEC14D505}.Release|Any CPU.Build.0 = Release|Any CPU
		{B769B48A-ADDD-4062-803A-C64805973B92}.Debug|Any CPU.ActiveCfg = Debug|Any CPU
		{B769B48A-ADDD-4062-803A-C64805973B92}.Debug|Any CPU.Build.0 = Debug|Any CPU
		{B769B48A-ADDD-4062-803A-C64805973B92}.Release|Any CPU.ActiveCfg = Release|Any CPU
		{B769B48A-ADDD-4062-803A-C64805973B92}.Release|Any CPU.Build.0 = Release|Any CPU
		{A611EA8A-1FAF-4311-84CD-6DEC9035E211}.Debug|Any CPU.ActiveCfg = Debug|Any CPU
		{A611EA8A-1FAF-4311-84CD-6DEC9035E211}.Debug|Any CPU.Build.0 = Debug|Any CPU
		{A611EA8A-1FAF-4311-84CD-6DEC9035E211}.Release|Any CPU.ActiveCfg = Release|Any CPU
		{A611EA8A-1FAF-4311-84CD-6DEC9035E211}.Release|Any CPU.Build.0 = Release|Any CPU
		{8EC606A5-8E10-4469-B073-8033635AEBDE}.Debug|Any CPU.ActiveCfg = Debug|Any CPU
		{8EC606A5-8E10-4469-B073-8033635AEBDE}.Debug|Any CPU.Build.0 = Debug|Any CPU
		{8EC606A5-8E10-4469-B073-8033635AEBDE}.Release|Any CPU.ActiveCfg = Release|Any CPU
		{8EC606A5-8E10-4469-B073-8033635AEBDE}.Release|Any CPU.Build.0 = Release|Any CPU
		{B4F347BF-7E54-4D08-860A-CEE1C3187A9B}.Debug|Any CPU.ActiveCfg = Debug|Any CPU
		{B4F347BF-7E54-4D08-860A-CEE1C3187A9B}.Debug|Any CPU.Build.0 = Debug|Any CPU
		{B4F347BF-7E54-4D08-860A-CEE1C3187A9B}.Release|Any CPU.ActiveCfg = Release|Any CPU
		{B4F347BF-7E54-4D08-860A-CEE1C3187A9B}.Release|Any CPU.Build.0 = Release|Any CPU
		{C5491834-2481-4B19-A06C-5FBA488B0F0D}.Debug|Any CPU.ActiveCfg = Debug|Any CPU
		{C5491834-2481-4B19-A06C-5FBA488B0F0D}.Debug|Any CPU.Build.0 = Debug|Any CPU
		{C5491834-2481-4B19-A06C-5FBA488B0F0D}.Release|Any CPU.ActiveCfg = Release|Any CPU
		{C5491834-2481-4B19-A06C-5FBA488B0F0D}.Release|Any CPU.Build.0 = Release|Any CPU
		{26682A99-2E60-439B-91EE-662E1014E9C5}.Debug|Any CPU.ActiveCfg = Debug|Any CPU
		{26682A99-2E60-439B-91EE-662E1014E9C5}.Debug|Any CPU.Build.0 = Debug|Any CPU
		{26682A99-2E60-439B-91EE-662E1014E9C5}.Release|Any CPU.ActiveCfg = Release|Any CPU
		{26682A99-2E60-439B-91EE-662E1014E9C5}.Release|Any CPU.Build.0 = Release|Any CPU
	EndGlobalSection
	GlobalSection(SolutionProperties) = preSolution
		HideSolutionNode = FALSE
	EndGlobalSection
	GlobalSection(ExtensibilityGlobals) = postSolution
		SolutionGuid = {6F0BD098-EB89-485B-A3E1-4E020E773F11}
	EndGlobalSection
EndGlobal
